# THIS IS AN AUTOGENERATED FILE. DO NOT EDIT THIS FILE DIRECTLY.
# yarn lockfile v1


easy-promise-queue@^0.5.4:
  version "0.5.4"
  resolved "https://registry.yarnpkg.com/easy-promise-queue/-/easy-promise-queue-0.5.4.tgz#c614df35e2014b2dc7f2d90ddcd605ccc54f8deb"
  integrity sha512-u4ejDptPhIGp/i6N54JLpv+6nY25zyWdI+GD5QMjLOLODS0y1nrs4S2peXhUDtMzGaBM+RSQCxKD9CLYPE9d9Q==

ws@^7.4.6:
  version "7.4.6"
  resolved "https://registry.yarnpkg.com/ws/-/ws-7.4.6.tgz#5654ca8ecdeee47c33a9a4bf6d28e2be2980377c"
  integrity sha512-YmhHDO4MzaDLB+M9ym/mDA5z0naX8j7SIlT8f8z+I0VtzsRbekxEutHSme7NPS2qE8StCYQNUnfWdXta/Yu85A==
