# THIS IS AN AUTOGENERATED FILE. DO NOT EDIT THIS FILE DIRECTLY.
# yarn lockfile v1


async-limiter@^1.0.0:
  version "1.0.1"
  resolved "https://registry.yarnpkg.com/async-limiter/-/async-limiter-1.0.1.tgz#dd379e94f0db8310b08291f9d64c3209766617fd"
  integrity sha512-csOlWGAcRFJaI6m+F2WKdnMKr4HhdhFVBk0H/QbJFMCr+uO2kwohwXQPxw/9OCxp05r5ghVBFSyioixx3gfkNQ==

easy-promise-queue@^0.5.4:
  version "0.5.4"
  resolved "https://registry.yarnpkg.com/easy-promise-queue/-/easy-promise-queue-0.5.4.tgz#c614df35e2014b2dc7f2d90ddcd605ccc54f8deb"
  integrity sha512-u4ejDptPhIGp/i6N54JLpv+6nY25zyWdI+GD5QMjLOLODS0y1nrs4S2peXhUDtMzGaBM+RSQCxKD9CLYPE9d9Q==

eventemitter3@^4.0.0:
  version "4.0.0"
  resolved "https://registry.yarnpkg.com/eventemitter3/-/eventemitter3-4.0.0.tgz#d65176163887ee59f386d64c82610b696a4a74eb"
  integrity sha512-qerSRB0p+UDEssxTtm6EDKcE7W4OaoisfIMl4CngyEhjpYglocpNg6UEqCvemdGhosAsg4sO2dXJOdyBifPGCg==

p-finally@^1.0.0:
  version "1.0.0"
  resolved "https://registry.yarnpkg.com/p-finally/-/p-finally-1.0.0.tgz#3fbcfb15b899a44123b34b6dcc18b724336a2cae"
  integrity sha1-P7z7FbiZpEEjs0ttzBi3JDNqLK4=

p-queue@^6.1.1:
  version "6.1.1"
  resolved "https://registry.yarnpkg.com/p-queue/-/p-queue-6.1.1.tgz#eedbaf7335b4931ef857e2e58063fed461b97e80"
  integrity sha512-R9gq36Th88xZ+rWAptN5IXLwqkwA1gagCQhT6ZXQ6RxEfmjb9ZW+UBzRVqv9sm5TQmbbI/TsKgGLbOaA61xR5w==
  dependencies:
    eventemitter3 "^4.0.0"
    p-timeout "^3.1.0"

p-timeout@^3.1.0:
  version "3.1.0"
  resolved "https://registry.yarnpkg.com/p-timeout/-/p-timeout-3.1.0.tgz#198c1f503bb973e9b9727177a276c80afd6851f3"
  integrity sha512-C27DYI+tCroT8J8cTEyySGydl2B7FlxrGNF5/wmMbl1V+jeehUCzEE/BVgzRebdm2K3ZitKOKx8YbdFumDyYmw==
  dependencies:
    p-finally "^1.0.0"

ws@^7.1.2:
  version "7.1.2"
  resolved "https://registry.yarnpkg.com/ws/-/ws-7.1.2.tgz#c672d1629de8bb27a9699eb599be47aeeedd8f73"
  integrity sha512-gftXq3XI81cJCgkUiAVixA0raD9IVmXqsylCrjRygw4+UOOGzPoxnQ6r/CnVL9i+mDncJo94tSkyrtuuQVBmrg==
  dependencies:
    async-limiter "^1.0.0"
